# THIS IS AN AUTOGENERATED FILE. DO NOT EDIT THIS FILE DIRECTLY.
# yarn lockfile v1


"@babel/runtime@^7.12.0", "@babel/runtime@^7.12.5", "@babel/runtime@^7.3.1":
  version "7.15.4"
  resolved "https://registry.yarnpkg.com/@babel/runtime/-/runtime-7.15.4.tgz#fd17d16bfdf878e6dd02d19753a39fa8a8d9c84a"
  integrity sha512-99catp6bHCaxr4sJ/DbTGgHS4+Rs2RVd2g7iOap6SLGPDknRK9ztKNsE/Fg6QhSeh1FGE5f6gHGQmvvn3I3xhw==
  dependencies:
    regenerator-runtime "^0.13.4"

"@types/hast@^2.0.0":
  version "2.3.4"
  resolved "https://registry.yarnpkg.com/@types/hast/-/hast-2.3.4.tgz#8aa5ef92c117d20d974a82bdfb6a648b08c0bafc"
  integrity sha512-wLEm0QvaoawEDoTRwzTXp4b4jpwiJDvR5KMnFnVodm3scufTlBOWRD6N1OBf9TZMhjlNsSfcO5V+7AF4+Vy+9g==
  dependencies:
    "@types/unist" "*"

"@types/lodash@^4.14.0":
  version "4.14.174"
  resolved "https://registry.yarnpkg.com/@types/lodash/-/lodash-4.14.174.tgz#b4b06b6eced9850eed6b6a8f1abdd0f5192803c1"
  integrity sha512-KMBLT6+g9qrGXpDt7ohjWPUD34WA/jasrtjTEHStF0NPdEwJ1N9SZ+4GaMVDeuk/y0+X5j9xFm6mNiXS7UoaLQ==

"@types/mdast@^3.0.0", "@types/mdast@^3.0.3":
  version "3.0.10"
  resolved "https://registry.yarnpkg.com/@types/mdast/-/mdast-3.0.10.tgz#4724244a82a4598884cbbe9bcfd73dff927ee8af"
  integrity sha512-W864tg/Osz1+9f4lrGTZpCSO5/z4608eUp19tbozkq2HJK6i3z1kT0H9tlADXuYIb1YYOBByU4Jsqkk75q48qA==
  dependencies:
    "@types/unist" "*"

"@types/prop-types@*":
  version "15.7.4"
  resolved "https://registry.yarnpkg.com/@types/prop-types/-/prop-types-15.7.4.tgz#fcf7205c25dff795ee79af1e30da2c9790808f11"
  integrity sha512-rZ5drC/jWjrArrS8BR6SIr4cWpW09RNTYt9AMZo3Jwwif+iacXAqgVjm0B0Bv/S1jhDXKHqRVNCbACkJ89RAnQ==

"@types/react-dom@>=16.8.0":
  version "17.0.9"
  resolved "https://registry.yarnpkg.com/@types/react-dom/-/react-dom-17.0.9.tgz#441a981da9d7be117042e1a6fd3dac4b30f55add"
  integrity sha512-wIvGxLfgpVDSAMH5utdL9Ngm5Owu0VsGmldro3ORLXV8CShrL8awVj06NuEXFQ5xyaYfdca7Sgbk/50Ri1GdPg==
  dependencies:
    "@types/react" "*"

"@types/react@*", "@types/react@>=16.8.0":
  version "17.0.24"
  resolved "https://registry.yarnpkg.com/@types/react/-/react-17.0.24.tgz#7e1b3f78d0fc53782543f9bce6d949959a5880bd"
  integrity sha512-eIpyco99gTH+FTI3J7Oi/OH8MZoFMJuztNRimDOJwH4iGIsKV2qkGnk4M9VzlaVWeEEWLWSQRy0FEA0Kz218cg==
  dependencies:
    "@types/prop-types" "*"
    "@types/scheduler" "*"
    csstype "^3.0.2"

"@types/scheduler@*":
  version "0.16.2"
  resolved "https://registry.yarnpkg.com/@types/scheduler/-/scheduler-0.16.2.tgz#1a62f89525723dde24ba1b01b092bf5df8ad4d39"
  integrity sha512-hppQEBDmlwhFAXKJX2KnWLYu5yMfi91yazPb2l+lbJiwW+wdo1gNeRA+3RgNSO39WYX2euey41KEwnqesU2Jew==

"@types/unist@*", "@types/unist@^2.0.0", "@types/unist@^2.0.2", "@types/unist@^2.0.3":
  version "2.0.6"
  resolved "https://registry.yarnpkg.com/@types/unist/-/unist-2.0.6.tgz#250a7b16c3b91f672a24552ec64678eeb1d3a08d"
  integrity sha512-PBjIUxZHOuj0R15/xuwJYjFi+KZdNFrehocChv4g5hu6aFroHue8m0lBP0POdK2nKzbw0cgV1mws8+V/JAcEkQ==

bail@^1.0.0:
  version "1.0.5"
  resolved "https://registry.yarnpkg.com/bail/-/bail-1.0.5.tgz#b6fa133404a392cbc1f8c4bf63f5953351e7a776"
  integrity sha512-xFbRxM1tahm08yHBP16MMjVUAvDaBMD38zsM9EMAUN61omwLmKlOpB/Zku5QkjZ8TZ4vn53pj+t518cH0S03RQ==

ccount@^1.0.0:
  version "1.1.0"
  resolved "https://registry.yarnpkg.com/ccount/-/ccount-1.1.0.tgz#246687debb6014735131be8abab2d93898f8d043"
  integrity sha512-vlNK021QdI7PNeiUh/lKkC/mNHHfV0m/Ad5JoI0TYtlBnJAslM/JIkm/tGC88bkLIwO6OQ5uV6ztS6kVAtCDlg==

character-entities-legacy@^1.0.0:
  version "1.1.4"
  resolved "https://registry.yarnpkg.com/character-entities-legacy/-/character-entities-legacy-1.1.4.tgz#94bc1845dce70a5bb9d2ecc748725661293d8fc1"
  integrity sha512-3Xnr+7ZFS1uxeiUDvV02wQ+QDbc55o97tIV5zHScSPJpcLm/r0DFPcoY3tYRp+VZukxuMeKgXYmsXQHO05zQeA==

character-entities@^1.0.0:
  version "1.2.4"
  resolved "https://registry.yarnpkg.com/character-entities/-/character-entities-1.2.4.tgz#e12c3939b7eaf4e5b15e7ad4c5e28e1d48c5b16b"
  integrity sha512-iBMyeEHxfVnIakwOuDXpVkc54HijNgCyQB2w0VfGQThle6NXn50zU6V/u+LDhxHcDUPojn6Kpga3PTAD8W1bQw==

character-reference-invalid@^1.0.0:
  version "1.1.4"
  resolved "https://registry.yarnpkg.com/character-reference-invalid/-/character-reference-invalid-1.1.4.tgz#083329cda0eae272ab3dbbf37e9a382c13af1560"
  integrity sha512-mKKUkUbhPpQlCOfIuZkvSEgktjPFIsZKRRbC6KWVEMvlzblj3i3asQv5ODsrwt0N3pHAEvjP8KTQPHkp0+6jOg==

classnames@^2.3.0:
  version "2.3.1"
  resolved "https://registry.yarnpkg.com/classnames/-/classnames-2.3.1.tgz#dfcfa3891e306ec1dad105d0e88f4417b8535e8e"
  integrity sha512-OlQdbZ7gLfGarSqxesMesDa5uz7KFbID8Kpq/SxIoNGDqY8lSYs0D+hhtBXhcdB3rcbXArFr7vlHheLk1voeNA==

comma-separated-tokens@^1.0.0:
  version "1.0.8"
  resolved "https://registry.yarnpkg.com/comma-separated-tokens/-/comma-separated-tokens-1.0.8.tgz#632b80b6117867a158f1080ad498b2fbe7e3f5ea"
  integrity sha512-GHuDRO12Sypu2cV70d1dkA2EUmXHgntrzbpvOB+Qy+49ypNfGgFQIC2fhhXbnyrJRynDCAARsT7Ou0M6hirpfw==

csstype@^3.0.2:
  version "3.0.9"
  resolved "https://registry.yarnpkg.com/csstype/-/csstype-3.0.9.tgz#6410af31b26bd0520933d02cbc64fce9ce3fbf0b"
  integrity sha512-rpw6JPxK6Rfg1zLOYCSwle2GFOOsnjmDYDaBwEcwoOg4qlsIVCN789VkBZDJAGi4T07gI4YSutR43t9Zz4Lzuw==

debug@^4.0.0:
  version "4.3.2"
  resolved "https://registry.yarnpkg.com/debug/-/debug-4.3.2.tgz#f0a49c18ac8779e31d4a0c6029dfb76873c7428b"
  integrity sha512-mOp8wKcvj7XxC78zLgw/ZA+6TSgkoE2C/ienthhRD298T7UNwAg9diBpLRxC0mOezLl4B0xV7M0cCO6P/O0Xhw==
  dependencies:
    ms "2.1.2"

dom-serializer@^1.0.1:
  version "1.3.2"
  resolved "https://registry.yarnpkg.com/dom-serializer/-/dom-serializer-1.3.2.tgz#6206437d32ceefaec7161803230c7a20bc1b4d91"
  integrity sha512-5c54Bk5Dw4qAxNOI1pFEizPSjVsx5+bpJKmL2kPn8JhBUq2q09tTCa3mjijun2NfK78NMouDYNMBkOrPZiS+ig==
  dependencies:
    domelementtype "^2.0.1"
    domhandler "^4.2.0"
    entities "^2.0.0"

domelementtype@^2.0.1, domelementtype@^2.2.0:
  version "2.2.0"
  resolved "https://registry.yarnpkg.com/domelementtype/-/domelementtype-2.2.0.tgz#9a0b6c2782ed6a1c7323d42267183df9bd8b1d57"
  integrity sha512-DtBMo82pv1dFtUmHyr48beiuq792Sxohr+8Hm9zoxklYPfa6n0Z3Byjj2IV7bmr2IyqClnqEQhfgHJJ5QF0R5A==

domhandler@^4.0, domhandler@^4.2.0, domhandler@^4.2.2:
  version "4.2.2"
  resolved "https://registry.yarnpkg.com/domhandler/-/domhandler-4.2.2.tgz#e825d721d19a86b8c201a35264e226c678ee755f"
  integrity sha512-PzE9aBMsdZO8TK4BnuJwH0QT41wgMbRzuZrHUcpYncEjmQazq8QEaBWgLG7ZyC/DAZKEgglpIA6j4Qn/HmxS3w==
  dependencies:
    domelementtype "^2.2.0"

domutils@^2.8.0:
  version "2.8.0"
  resolved "https://registry.yarnpkg.com/domutils/-/domutils-2.8.0.tgz#4437def5db6e2d1f5d6ee859bd95ca7d02048135"
  integrity sha512-w96Cjofp72M5IIhpjgobBimYEfoPjx1Vx0BSX9P30WBdZW2WIKU0T1Bd0kz2eNZ9ikjKgHbEyKx8BB6H1L3h3A==
  dependencies:
    dom-serializer "^1.0.1"
    domelementtype "^2.2.0"
    domhandler "^4.2.0"

entities@^2.0.0:
  version "2.2.0"
  resolved "https://registry.yarnpkg.com/entities/-/entities-2.2.0.tgz#098dc90ebb83d8dffa089d55256b351d34c4da55"
  integrity sha512-p92if5Nz619I0w+akJrLZH0MX0Pb5DX39XOwQTtXSdQQOaYH03S1uIQp4mhOZtAXrxq4ViO67YTiLBo2638o9A==

entities@^3.0.1:
  version "3.0.1"
  resolved "https://registry.yarnpkg.com/entities/-/entities-3.0.1.tgz#2b887ca62585e96db3903482d336c1006c3001d4"
  integrity sha512-WiyBqoomrwMdFG1e0kqvASYfnlb0lp8M5o5Fw2OFq1hNZxxcNk8Ik0Xm7LxzBhuidnZB/UtBqVCgUz3kBOP51Q==

escape-string-regexp@^4.0.0:
  version "4.0.0"
  resolved "https://registry.yarnpkg.com/escape-string-regexp/-/escape-string-regexp-4.0.0.tgz#14ba83a5d373e3d311e5afca29cf5bfad965bf34"
  integrity sha512-TtpcNJ3XAzx3Gq8sWRzJaVajRs0uVxA2YAkdb1jm2YkPz4G6egUFAyA3n5vtEIZefPk5Wa4UXbKuS5fKkJWdgA==

eventemitter3@^4.0.7:
  version "4.0.7"
  resolved "https://registry.yarnpkg.com/eventemitter3/-/eventemitter3-4.0.7.tgz#2de9b68f6528d5644ef5c59526a1b4a07306169f"
  integrity sha512-8guHBZCwKnFhYdHr2ysuRWErTwhoN2X8XELRlrRwpmfeY2jjuUN4taQMsULKUVo1K4DvZl+0pgfyoysHxvmvEw==

extend@^3.0.0:
  version "3.0.2"
  resolved "https://registry.yarnpkg.com/extend/-/extend-3.0.2.tgz#f8b1136b4071fbd8eb140aff858b1019ec2915fa"
  integrity sha512-fjquC59cD7CyW6urNXK0FBufkZcoiGG80wTuPujX590cB5Ttln20E2UB4S/WARVqhXffZl2LNgS+gQdPIIim/g==

fault@^1.0.0:
  version "1.0.4"
  resolved "https://registry.yarnpkg.com/fault/-/fault-1.0.4.tgz#eafcfc0a6d214fc94601e170df29954a4f842f13"
  integrity sha512-CJ0HCB5tL5fYTEA7ToAq5+kTwd++Borf1/bifxd9iT70QcXr4MRrO3Llf8Ifs70q+SJcGHFtnIE/Nw6giCtECA==
  dependencies:
    format "^0.2.0"

format@^0.2.0:
  version "0.2.2"
  resolved "https://registry.yarnpkg.com/format/-/format-0.2.2.tgz#d6170107e9efdc4ed30c9dc39016df942b5cb58b"
  integrity sha1-1hcBB+nv3E7TDJ3DkBbflCtctYs=

hast-util-parse-selector@^2.0.0:
  version "2.2.5"
  resolved "https://registry.yarnpkg.com/hast-util-parse-selector/-/hast-util-parse-selector-2.2.5.tgz#d57c23f4da16ae3c63b3b6ca4616683313499c3a"
  integrity sha512-7j6mrk/qqkSehsM92wQjdIgWM2/BW61u/53G6xmC8i1OmEdKLHbk419QKQUjz6LglWsfqoiHmyMRkP1BGjecNQ==

hastscript@^6.0.0:
  version "6.0.0"
  resolved "https://registry.yarnpkg.com/hastscript/-/hastscript-6.0.0.tgz#e8768d7eac56c3fdeac8a92830d58e811e5bf640"
  integrity sha512-nDM6bvd7lIqDUiYEiu5Sl/+6ReP0BMk/2f4U/Rooccxkj0P5nm+acM5PrGJ/t5I8qPGiqZSE6hVAwZEdZIvP4w==
  dependencies:
    "@types/hast" "^2.0.0"
    comma-separated-tokens "^1.0.0"
    hast-util-parse-selector "^2.0.0"
    property-information "^5.0.0"
    space-separated-tokens "^1.0.0"

highlight.js@^10.4.1, highlight.js@~10.7.0:
  version "10.7.3"
  resolved "https://registry.yarnpkg.com/highlight.js/-/highlight.js-10.7.3.tgz#697272e3991356e40c3cac566a74eef681756531"
  integrity sha512-tzcUFauisWKNHaRkN4Wjl/ZA07gENAjFl3J/c480dprkGTg5EQstgaNFqBfUqCq54kZRIEcreTsAgF/m2quD7A==

html-to-react@^1.3.4:
  version "1.4.7"
  resolved "https://registry.yarnpkg.com/html-to-react/-/html-to-react-1.4.7.tgz#a58129c1b77c6d4e047a647372bd194e25420b89"
  integrity sha512-adtKiee5AtnuUhdB8bxbASRP2bW/A0OrlwysEuqZxXdURb0/1XR0m/woE1V5cJA1U5nyzAvk/PdFNO9S73DE/g==
  dependencies:
    domhandler "^4.0"
    htmlparser2 "^7.0"
    lodash.camelcase "^4.3.0"
    ramda "^0.27.1"

htmlparser2@^7.0:
  version "7.1.2"
  resolved "https://registry.yarnpkg.com/htmlparser2/-/htmlparser2-7.1.2.tgz#587923d38f03bc89e03076e00cba2c7473f37f7c"
  integrity sha512-d6cqsbJba2nRdg8WW2okyD4ceonFHn9jLFxhwlNcLhQWcFPdxXeJulgOLjLKtAK9T6ahd+GQNZwG9fjmGW7lyg==
  dependencies:
    domelementtype "^2.0.1"
    domhandler "^4.2.2"
    domutils "^2.8.0"
    entities "^3.0.1"

intersection-observer@^0.12.0:
  version "0.12.0"
  resolved "https://registry.yarnpkg.com/intersection-observer/-/intersection-observer-0.12.0.tgz#6c84628f67ce8698e5f9ccf857d97718745837aa"
  integrity sha512-2Vkz8z46Dv401zTWudDGwO7KiGHNDkMv417T5ItcNYfmvHR/1qCTVBO9vwH8zZmQ0WkA/1ARwpysR9bsnop4NQ==

is-alphabetical@^1.0.0:
  version "1.0.4"
  resolved "https://registry.yarnpkg.com/is-alphabetical/-/is-alphabetical-1.0.4.tgz#9e7d6b94916be22153745d184c298cbf986a686d"
  integrity sha512-DwzsA04LQ10FHTZuL0/grVDk4rFoVH1pjAToYwBrHSxcrBIGQuXrQMtD5U1b0U2XVgKZCTLLP8u2Qxqhy3l2Vg==

is-alphanumerical@^1.0.0:
  version "1.0.4"
  resolved "https://registry.yarnpkg.com/is-alphanumerical/-/is-alphanumerical-1.0.4.tgz#7eb9a2431f855f6b1ef1a78e326df515696c4dbf"
  integrity sha512-UzoZUr+XfVz3t3v4KyGEniVL9BDRoQtY7tOyrRybkVNjDFWyo1yhXNGrrBTQxp3ib9BLAWs7k2YKBQsFRkZG9A==
  dependencies:
    is-alphabetical "^1.0.0"
    is-decimal "^1.0.0"

is-buffer@^2.0.0:
  version "2.0.5"
  resolved "https://registry.yarnpkg.com/is-buffer/-/is-buffer-2.0.5.tgz#ebc252e400d22ff8d77fa09888821a24a658c191"
  integrity sha512-i2R6zNFDwgEHJyQUtJEk0XFi1i0dPFn/oqjK3/vPCcDeJvW5NQ83V8QbicfF1SupOaB0h8ntgBC2YiE7dfyctQ==

is-decimal@^1.0.0:
  version "1.0.4"
  resolved "https://registry.yarnpkg.com/is-decimal/-/is-decimal-1.0.4.tgz#65a3a5958a1c5b63a706e1b333d7cd9f630d3fa5"
  integrity sha512-RGdriMmQQvZ2aqaQq3awNA6dCGtKpiDFcOzrTWrDAT2MiWrKQVPmxLGHl7Y2nNu6led0kEyoX0enY0qXYsv9zw==

is-hexadecimal@^1.0.0:
  version "1.0.4"
  resolved "https://registry.yarnpkg.com/is-hexadecimal/-/is-hexadecimal-1.0.4.tgz#cc35c97588da4bd49a8eedd6bc4082d44dcb23a7"
  integrity sha512-gyPJuv83bHMpocVYoqof5VDiZveEoGoFL8m3BXNb2VW8Xs+rz9kqO8LOQ5DH6EsuvilT1ApazU0pyl+ytbPtlw==

is-plain-obj@^2.0.0:
  version "2.1.0"
  resolved "https://registry.yarnpkg.com/is-plain-obj/-/is-plain-obj-2.1.0.tgz#45e42e37fccf1f40da8e5f76ee21515840c09287"
  integrity sha512-YWnfyRwxL/+SsrWYfOpUtz5b3YD+nyfkHvjbcanzk8zgyO4ASD67uVMRt8k5bM4lLMDnXfriRhOpemw+NfT1eA==

"js-tokens@^3.0.0 || ^4.0.0":
  version "4.0.0"
  resolved "https://registry.yarnpkg.com/js-tokens/-/js-tokens-4.0.0.tgz#19203fb59991df98e3a287050d4647cdeaf32499"
  integrity sha512-RdJUflcE3cUzKiMqQgsCu06FPu9UdIJO0beYbPhHN4k6apgJtifcoCtT9bcxOpYBtpD2kCM6Sbzg4CausW/PKQ==

lodash.camelcase@^4.3.0:
  version "4.3.0"
  resolved "https://registry.yarnpkg.com/lodash.camelcase/-/lodash.camelcase-4.3.0.tgz#b28aa6288a2b9fc651035c7711f65ab6190331a6"
  integrity sha1-soqmKIorn8ZRA1x3EfZathkDMaY=

lodash@^4.14.0:
  version "4.17.21"
  resolved "https://registry.yarnpkg.com/lodash/-/lodash-4.17.21.tgz#679591c564c3bffaae8454cf0b3df370c3d6911c"
  integrity sha512-v2kDEe57lecTulaDIuNTPy3Ry4gLGJ6Z1O3vE1krgXZNrsQ+LFTGHVxVjcXPs17LhbZVGedAJv8XZ1tvj5FvSg==

longest-streak@^2.0.0:
  version "2.0.4"
  resolved "https://registry.yarnpkg.com/longest-streak/-/longest-streak-2.0.4.tgz#b8599957da5b5dab64dee3fe316fa774597d90e4"
  integrity sha512-vM6rUVCVUJJt33bnmHiZEvr7wPT78ztX7rojL+LW51bHtLh6HTjx84LA5W4+oa6aKEJA7jJu5LR6vQRBpA5DVg==

loose-envify@^1.1.0, loose-envify@^1.4.0:
  version "1.4.0"
  resolved "https://registry.yarnpkg.com/loose-envify/-/loose-envify-1.4.0.tgz#71ee51fa7be4caec1a63839f7e682d8132d30caf"
  integrity sha512-lyuxPGr/Wfhrlem2CL/UcnUc1zcqKAImBDzukY7Y5F/yQiNdko6+fRLevlw1HgMySw7f611UIY408EtxRSoK3Q==
  dependencies:
    js-tokens "^3.0.0 || ^4.0.0"

lowlight@^1.17.0:
  version "1.20.0"
  resolved "https://registry.yarnpkg.com/lowlight/-/lowlight-1.20.0.tgz#ddb197d33462ad0d93bf19d17b6c301aa3941888"
  integrity sha512-8Ktj+prEb1RoCPkEOrPMYUN/nCggB7qAWe3a7OpMjWQkh3l2RD5wKRQ+o8Q8YuI9RG/xs95waaI/E6ym/7NsTw==
  dependencies:
    fault "^1.0.0"
    highlight.js "~10.7.0"

markdown-table@^2.0.0:
  version "2.0.0"
  resolved "https://registry.yarnpkg.com/markdown-table/-/markdown-table-2.0.0.tgz#194a90ced26d31fe753d8b9434430214c011865b"
  integrity sha512-Ezda85ToJUBhM6WGaG6veasyym+Tbs3cMAw/ZhOPqXiYsr0jgocBV3j3nx+4lk47plLlIqjwuTm/ywVI+zjJ/A==
  dependencies:
    repeat-string "^1.0.0"

mdast-add-list-metadata@1.0.1:
  version "1.0.1"
  resolved "https://registry.yarnpkg.com/mdast-add-list-metadata/-/mdast-add-list-metadata-1.0.1.tgz#95e73640ce2fc1fa2dcb7ec443d09e2bfe7db4cf"
  integrity sha512-fB/VP4MJ0LaRsog7hGPxgOrSL3gE/2uEdZyDuSEnKCv/8IkYHiDkIQSbChiJoHyxZZXZ9bzckyRk+vNxFzh8rA==
  dependencies:
    unist-util-visit-parents "1.1.2"

mdast-util-find-and-replace@^1.1.0:
  version "1.1.1"
  resolved "https://registry.yarnpkg.com/mdast-util-find-and-replace/-/mdast-util-find-and-replace-1.1.1.tgz#b7db1e873f96f66588c321f1363069abf607d1b5"
  integrity sha512-9cKl33Y21lyckGzpSmEQnIDjEfeeWelN5s1kUW1LwdB0Fkuq2u+4GdqcGEygYxJE8GVqCl0741bYXHgamfWAZA==
  dependencies:
    escape-string-regexp "^4.0.0"
    unist-util-is "^4.0.0"
    unist-util-visit-parents "^3.0.0"

mdast-util-from-markdown@^0.8.0:
  version "0.8.5"
  resolved "https://registry.yarnpkg.com/mdast-util-from-markdown/-/mdast-util-from-markdown-0.8.5.tgz#d1ef2ca42bc377ecb0463a987910dae89bd9a28c"
  integrity sha512-2hkTXtYYnr+NubD/g6KGBS/0mFmBcifAsI0yIWRiRo0PjVs6SSOSOdtzbp6kSGnShDN6G5aWZpKQ2lWRy27mWQ==
  dependencies:
    "@types/mdast" "^3.0.0"
    mdast-util-to-string "^2.0.0"
    micromark "~2.11.0"
    parse-entities "^2.0.0"
    unist-util-stringify-position "^2.0.0"

mdast-util-gfm-autolink-literal@^0.1.0:
  version "0.1.3"
  resolved "https://registry.yarnpkg.com/mdast-util-gfm-autolink-literal/-/mdast-util-gfm-autolink-literal-0.1.3.tgz#9c4ff399c5ddd2ece40bd3b13e5447d84e385fb7"
  integrity sha512-GjmLjWrXg1wqMIO9+ZsRik/s7PLwTaeCHVB7vRxUwLntZc8mzmTsLVr6HW1yLokcnhfURsn5zmSVdi3/xWWu1A==
  dependencies:
    ccount "^1.0.0"
    mdast-util-find-and-replace "^1.1.0"
    micromark "^2.11.3"

mdast-util-gfm-strikethrough@^0.2.0:
  version "0.2.3"
  resolved "https://registry.yarnpkg.com/mdast-util-gfm-strikethrough/-/mdast-util-gfm-strikethrough-0.2.3.tgz#45eea337b7fff0755a291844fbea79996c322890"
  integrity sha512-5OQLXpt6qdbttcDG/UxYY7Yjj3e8P7X16LzvpX8pIQPYJ/C2Z1qFGMmcw+1PZMUM3Z8wt8NRfYTvCni93mgsgA==
  dependencies:
    mdast-util-to-markdown "^0.6.0"

mdast-util-gfm-table@^0.1.0:
  version "0.1.6"
  resolved "https://registry.yarnpkg.com/mdast-util-gfm-table/-/mdast-util-gfm-table-0.1.6.tgz#af05aeadc8e5ee004eeddfb324b2ad8c029b6ecf"
  integrity sha512-j4yDxQ66AJSBwGkbpFEp9uG/LS1tZV3P33fN1gkyRB2LoRL+RR3f76m0HPHaby6F4Z5xr9Fv1URmATlRRUIpRQ==
  dependencies:
    markdown-table "^2.0.0"
    mdast-util-to-markdown "~0.6.0"

mdast-util-gfm-task-list-item@^0.1.0:
  version "0.1.6"
  resolved "https://registry.yarnpkg.com/mdast-util-gfm-task-list-item/-/mdast-util-gfm-task-list-item-0.1.6.tgz#70c885e6b9f543ddd7e6b41f9703ee55b084af10"
  integrity sha512-/d51FFIfPsSmCIRNp7E6pozM9z1GYPIkSy1urQ8s/o4TC22BZ7DqfHFWiqBD23bc7J3vV1Fc9O4QIHBlfuit8A==
  dependencies:
    mdast-util-to-markdown "~0.6.0"

mdast-util-gfm@^0.1.0:
  version "0.1.2"
  resolved "https://registry.yarnpkg.com/mdast-util-gfm/-/mdast-util-gfm-0.1.2.tgz#8ecddafe57d266540f6881f5c57ff19725bd351c"
  integrity sha512-NNkhDx/qYcuOWB7xHUGWZYVXvjPFFd6afg6/e2g+SV4r9q5XUcCbV4Wfa3DLYIiD+xAEZc6K4MGaE/m0KDcPwQ==
  dependencies:
    mdast-util-gfm-autolink-literal "^0.1.0"
    mdast-util-gfm-strikethrough "^0.2.0"
    mdast-util-gfm-table "^0.1.0"
    mdast-util-gfm-task-list-item "^0.1.0"
    mdast-util-to-markdown "^0.6.1"

mdast-util-to-markdown@^0.6.0, mdast-util-to-markdown@^0.6.1, mdast-util-to-markdown@~0.6.0:
  version "0.6.5"
  resolved "https://registry.yarnpkg.com/mdast-util-to-markdown/-/mdast-util-to-markdown-0.6.5.tgz#b33f67ca820d69e6cc527a93d4039249b504bebe"
  integrity sha512-XeV9sDE7ZlOQvs45C9UKMtfTcctcaj/pGwH8YLbMHoMOXNNCn2LsqVQOqrF1+/NU8lKDAqozme9SCXWyo9oAcQ==
  dependencies:
    "@types/unist" "^2.0.0"
    longest-streak "^2.0.0"
    mdast-util-to-string "^2.0.0"
    parse-entities "^2.0.0"
    repeat-string "^1.0.0"
    zwitch "^1.0.0"

mdast-util-to-string@^2.0.0:
  version "2.0.0"
  resolved "https://registry.yarnpkg.com/mdast-util-to-string/-/mdast-util-to-string-2.0.0.tgz#b8cfe6a713e1091cb5b728fc48885a4767f8b97b"
  integrity sha512-AW4DRS3QbBayY/jJmD8437V1Gombjf8RSOUCMFBuo5iHi58AGEgVCKQ+ezHkZZDpAQS75hcBMpLqjpJTjtUL7w==

micromark-extension-gfm-autolink-literal@~0.5.0:
  version "0.5.7"
  resolved "https://registry.yarnpkg.com/micromark-extension-gfm-autolink-literal/-/micromark-extension-gfm-autolink-literal-0.5.7.tgz#53866c1f0c7ef940ae7ca1f72c6faef8fed9f204"
  integrity sha512-ePiDGH0/lhcngCe8FtH4ARFoxKTUelMp4L7Gg2pujYD5CSMb9PbblnyL+AAMud/SNMyusbS2XDSiPIRcQoNFAw==
  dependencies:
    micromark "~2.11.3"

micromark-extension-gfm-strikethrough@~0.6.5:
  version "0.6.5"
  resolved "https://registry.yarnpkg.com/micromark-extension-gfm-strikethrough/-/micromark-extension-gfm-strikethrough-0.6.5.tgz#96cb83356ff87bf31670eefb7ad7bba73e6514d1"
  integrity sha512-PpOKlgokpQRwUesRwWEp+fHjGGkZEejj83k9gU5iXCbDG+XBA92BqnRKYJdfqfkrRcZRgGuPuXb7DaK/DmxOhw==
  dependencies:
    micromark "~2.11.0"

micromark-extension-gfm-table@~0.4.0:
  version "0.4.3"
  resolved "https://registry.yarnpkg.com/micromark-extension-gfm-table/-/micromark-extension-gfm-table-0.4.3.tgz#4d49f1ce0ca84996c853880b9446698947f1802b"
  integrity sha512-hVGvESPq0fk6ALWtomcwmgLvH8ZSVpcPjzi0AjPclB9FsVRgMtGZkUcpE0zgjOCFAznKepF4z3hX8z6e3HODdA==
  dependencies:
    micromark "~2.11.0"

micromark-extension-gfm-tagfilter@~0.3.0:
  version "0.3.0"
  resolved "https://registry.yarnpkg.com/micromark-extension-gfm-tagfilter/-/micromark-extension-gfm-tagfilter-0.3.0.tgz#d9f26a65adee984c9ccdd7e182220493562841ad"
  integrity sha512-9GU0xBatryXifL//FJH+tAZ6i240xQuFrSL7mYi8f4oZSbc+NvXjkrHemeYP0+L4ZUT+Ptz3b95zhUZnMtoi/Q==

micromark-extension-gfm-task-list-item@~0.3.0:
  version "0.3.3"
  resolved "https://registry.yarnpkg.com/micromark-extension-gfm-task-list-item/-/micromark-extension-gfm-task-list-item-0.3.3.tgz#d90c755f2533ed55a718129cee11257f136283b8"
  integrity sha512-0zvM5iSLKrc/NQl84pZSjGo66aTGd57C1idmlWmE87lkMcXrTxg1uXa/nXomxJytoje9trP0NDLvw4bZ/Z/XCQ==
  dependencies:
    micromark "~2.11.0"

micromark-extension-gfm@^0.3.0:
  version "0.3.3"
  resolved "https://registry.yarnpkg.com/micromark-extension-gfm/-/micromark-extension-gfm-0.3.3.tgz#36d1a4c089ca8bdfd978c9bd2bf1a0cb24e2acfe"
  integrity sha512-oVN4zv5/tAIA+l3GbMi7lWeYpJ14oQyJ3uEim20ktYFAcfX1x3LNlFGGlmrZHt7u9YlKExmyJdDGaTt6cMSR/A==
  dependencies:
    micromark "~2.11.0"
    micromark-extension-gfm-autolink-literal "~0.5.0"
    micromark-extension-gfm-strikethrough "~0.6.5"
    micromark-extension-gfm-table "~0.4.0"
    micromark-extension-gfm-tagfilter "~0.3.0"
    micromark-extension-gfm-task-list-item "~0.3.0"

micromark@^2.11.3, micromark@~2.11.0, micromark@~2.11.3:
  version "2.11.4"
  resolved "https://registry.yarnpkg.com/micromark/-/micromark-2.11.4.tgz#d13436138eea826383e822449c9a5c50ee44665a"
  integrity sha512-+WoovN/ppKolQOFIAajxi7Lu9kInbPxFuTBVEavFcL8eAfVstoc5MocPmqBeAdBOJV00uaVjegzH4+MA0DN/uA==
  dependencies:
    debug "^4.0.0"
    parse-entities "^2.0.0"

ms@2.1.2:
  version "2.1.2"
  resolved "https://registry.yarnpkg.com/ms/-/ms-2.1.2.tgz#d09d1f357b443f493382a8eb3ccd183872ae6009"
  integrity sha512-sGkPx+VjMtmA6MX27oA4FBFELFCZZ4S4XqeGOXCv68tT+jb3vk/RyaKWP0PTKyWtmLSM0b+adUTEvbs1PEaH2w==

object-assign@^4.1.1:
  version "4.1.1"
  resolved "https://registry.yarnpkg.com/object-assign/-/object-assign-4.1.1.tgz#2109adc7965887cfc05cbbd442cac8bfbb360863"
  integrity sha1-IQmtx5ZYh8/AXLvUQsrIv7s2CGM=

parse-entities@^2.0.0:
  version "2.0.0"
  resolved "https://registry.yarnpkg.com/parse-entities/-/parse-entities-2.0.0.tgz#53c6eb5b9314a1f4ec99fa0fdf7ce01ecda0cbe8"
  integrity sha512-kkywGpCcRYhqQIchaWqZ875wzpS/bMKhz5HnN3p7wveJTkTtyAB/AlnS0f8DFSqYW1T82t6yEAkEcB+A1I3MbQ==
  dependencies:
    character-entities "^1.0.0"
    character-entities-legacy "^1.0.0"
    character-reference-invalid "^1.0.0"
    is-alphanumerical "^1.0.0"
    is-decimal "^1.0.0"
    is-hexadecimal "^1.0.0"

prismjs@^1.22.0:
  version "1.25.0"
  resolved "https://registry.yarnpkg.com/prismjs/-/prismjs-1.25.0.tgz#6f822df1bdad965734b310b315a23315cf999756"
  integrity sha512-WCjJHl1KEWbnkQom1+SzftbtXMKQoezOCYs5rECqMN+jP+apI7ftoflyqigqzopSO3hMhTEb0mFClA8lkolgEg==

prismjs@~1.24.0:
  version "1.24.1"
  resolved "https://registry.yarnpkg.com/prismjs/-/prismjs-1.24.1.tgz#c4d7895c4d6500289482fa8936d9cdd192684036"
  integrity sha512-mNPsedLuk90RVJioIky8ANZEwYm5w9LcvCXrxHlwf4fNVSn8jEipMybMkWUyyF0JhnC+C4VcOVSBuHRKs1L5Ow==

prop-types@^15.7.2:
  version "15.7.2"
  resolved "https://registry.yarnpkg.com/prop-types/-/prop-types-15.7.2.tgz#52c41e75b8c87e72b9d9360e0206b99dcbffa6c5"
  integrity sha512-8QQikdH7//R2vurIJSutZ1smHYTcLpRWEOlHnzcWHmBYrOGUysKwSsrC89BCiFj3CbrfJ/nXFdJepOVrY1GCHQ==
  dependencies:
    loose-envify "^1.4.0"
    object-assign "^4.1.1"
    react-is "^16.8.1"

property-information@^5.0.0:
  version "5.6.0"
  resolved "https://registry.yarnpkg.com/property-information/-/property-information-5.6.0.tgz#61675545fb23002f245c6540ec46077d4da3ed69"
  integrity sha512-YUHSPk+A30YPv+0Qf8i9Mbfe/C0hdPXk1s1jPVToV8pk8BQtpw10ct89Eo7OWkutrwqvT0eicAxlOg3dOAu8JA==
  dependencies:
    xtend "^4.0.0"

ramda@^0.27.1:
  version "0.27.1"
  resolved "https://registry.yarnpkg.com/ramda/-/ramda-0.27.1.tgz#66fc2df3ef873874ffc2da6aa8984658abacf5c9"
  integrity sha512-PgIdVpn5y5Yns8vqb8FzBUEYn98V3xcPgawAkkgj0YJ0qDsnHCiNmZYfOGMgOvoB0eWFLpYbhxUR3mxfDIMvpw==

react-dom@>=16.8.0:
  version "17.0.2"
  resolved "https://registry.yarnpkg.com/react-dom/-/react-dom-17.0.2.tgz#ecffb6845e3ad8dbfcdc498f0d0a939736502c23"
  integrity sha512-s4h96KtLDUQlsENhMn1ar8t2bEa+q/YAtj8pPPdIjPDGBDIVNsrD9aXNWqspUe6AzKCIG0C1HZZLqLV7qpOBGA==
  dependencies:
    loose-envify "^1.1.0"
    object-assign "^4.1.1"
    scheduler "^0.20.2"

react-is@^16.8.1, react-is@^16.8.6:
  version "16.13.1"
  resolved "https://registry.yarnpkg.com/react-is/-/react-is-16.13.1.tgz#789729a4dc36de2999dc156dd6c1d9c18cea56a4"
  integrity sha512-24e6ynE2H+OKt4kqsOvNd8kBpV65zoxbA4BVsEOB3ARVWQki/DHzaUoC5KuON/BiccDaCCTZBuOcfZs70kR8bQ==

react-markdown@^5.0.3:
  version "5.0.3"
  resolved "https://registry.yarnpkg.com/react-markdown/-/react-markdown-5.0.3.tgz#41040ea7a9324b564b328fb81dd6c04f2a5373ac"
  integrity sha512-jDWOc1AvWn0WahpjW6NK64mtx6cwjM4iSsLHJPNBqoAgGOVoIdJMqaKX4++plhOtdd4JksdqzlDibgPx6B/M2w==
  dependencies:
    "@types/mdast" "^3.0.3"
    "@types/unist" "^2.0.3"
    html-to-react "^1.3.4"
    mdast-add-list-metadata "1.0.1"
    prop-types "^15.7.2"
    react-is "^16.8.6"
    remark-parse "^9.0.0"
    unified "^9.0.0"
    unist-util-visit "^2.0.0"
    xtend "^4.0.1"

react-syntax-highlighter@^15.4.3:
  version "15.4.4"
  resolved "https://registry.yarnpkg.com/react-syntax-highlighter/-/react-syntax-highlighter-15.4.4.tgz#dc9043f19e7bd063ff3ea78986d22a6eaa943b2a"
  integrity sha512-PsOFHNTzkb3OroXdoR897eKN5EZ6grht1iM+f1lJSq7/L0YVnkJaNVwC3wEUYPOAmeyl5xyer1DjL6MrumO6Zw==
  dependencies:
    "@babel/runtime" "^7.3.1"
    highlight.js "^10.4.1"
    lowlight "^1.17.0"
    prismjs "^1.22.0"
    refractor "^3.2.0"

react@>=16.8.0:
  version "17.0.2"
  resolved "https://registry.yarnpkg.com/react/-/react-17.0.2.tgz#d0b5cc516d29eb3eee383f75b62864cfb6800037"
  integrity sha512-gnhPt75i/dq/z3/6q/0asP78D0u592D5L1pd7M8P+dck6Fu/jJeL6iVVK23fptSUZj8Vjf++7wXA8UNclGQcbA==
  dependencies:
    loose-envify "^1.1.0"
    object-assign "^4.1.1"

refractor@^3.2.0:
  version "3.4.0"
  resolved "https://registry.yarnpkg.com/refractor/-/refractor-3.4.0.tgz#62bd274b06c942041f390c371b676eb67cb0a678"
  integrity sha512-dBeD02lC5eytm9Gld2Mx0cMcnR+zhSnsTfPpWqFaMgUMJfC9A6bcN3Br/NaXrnBJcuxnLFR90k1jrkaSyV8umg==
  dependencies:
    hastscript "^6.0.0"
    parse-entities "^2.0.0"
    prismjs "~1.24.0"

regenerator-runtime@^0.13.4:
  version "0.13.9"
  resolved "https://registry.yarnpkg.com/regenerator-runtime/-/regenerator-runtime-0.13.9.tgz#8925742a98ffd90814988d7566ad30ca3b263b52"
  integrity sha512-p3VT+cOEgxFsRRA9X4lkI1E+k2/CtnKtU4gcxyaCUreilL/vqI6CdZ3wxVUx3UOUg+gnUOQQcRI7BmSI656MYA==

remark-gfm@^1.0.0:
  version "1.0.0"
  resolved "https://registry.yarnpkg.com/remark-gfm/-/remark-gfm-1.0.0.tgz#9213643001be3f277da6256464d56fd28c3b3c0d"
  integrity sha512-KfexHJCiqvrdBZVbQ6RopMZGwaXz6wFJEfByIuEwGf0arvITHjiKKZ1dpXujjH9KZdm1//XJQwgfnJ3lmXaDPA==
  dependencies:
    mdast-util-gfm "^0.1.0"
    micromark-extension-gfm "^0.3.0"

remark-parse@^9.0.0:
  version "9.0.0"
  resolved "https://registry.yarnpkg.com/remark-parse/-/remark-parse-9.0.0.tgz#4d20a299665880e4f4af5d90b7c7b8a935853640"
  integrity sha512-geKatMwSzEXKHuzBNU1z676sGcDcFoChMK38TgdHJNAYfFtsfHDQG7MoJAjs6sgYMqyLduCYWDIWZIxiPeafEw==
  dependencies:
    mdast-util-from-markdown "^0.8.0"

repeat-string@^1.0.0:
  version "1.6.1"
  resolved "https://registry.yarnpkg.com/repeat-string/-/repeat-string-1.6.1.tgz#8dcae470e1c88abc2d600fff4a776286da75e637"
  integrity sha1-jcrkcOHIirwtYA//Sndihtp15jc=

scheduler@^0.20.2:
  version "0.20.2"
  resolved "https://registry.yarnpkg.com/scheduler/-/scheduler-0.20.2.tgz#4baee39436e34aa93b4874bddcbf0fe8b8b50e91"
  integrity sha512-2eWfGgAqqWFGqtdMmcL5zCMK1U8KlXv8SQFGglL3CEtd0aDVDWgeF/YoCmvln55m5zSk3J/20hTaSBeSObsQDQ==
  dependencies:
    loose-envify "^1.1.0"
    object-assign "^4.1.1"

space-separated-tokens@^1.0.0:
  version "1.1.5"
  resolved "https://registry.yarnpkg.com/space-separated-tokens/-/space-separated-tokens-1.1.5.tgz#85f32c3d10d9682007e917414ddc5c26d1aa6899"
  integrity sha512-q/JSVd1Lptzhf5bkYm4ob4iWPjx0KiRe3sRFBNrVqbJkFaBm5vbbowy1mymoPNLRa52+oadOhJ+K49wsSeSjTA==

trough@^1.0.0:
  version "1.0.5"
  resolved "https://registry.yarnpkg.com/trough/-/trough-1.0.5.tgz#b8b639cefad7d0bb2abd37d433ff8293efa5f406"
  integrity sha512-rvuRbTarPXmMb79SmzEp8aqXNKcK+y0XaB298IXueQ8I2PsrATcPBCSPyK/dDNa2iWOhKlfNnOjdAOTBU/nkFA==

typescript@^4.0.0:
  version "4.4.3"
  resolved "https://registry.yarnpkg.com/typescript/-/typescript-4.4.3.tgz#bdc5407caa2b109efd4f82fe130656f977a29324"
  integrity sha512-4xfscpisVgqqDfPaJo5vkd+Qd/ItkoagnHpufr+i2QCHBsNYp+G7UAoyFl8aPtx879u38wPV65rZ8qbGZijalA==

unified@^9.0.0:
  version "9.2.2"
  resolved "https://registry.yarnpkg.com/unified/-/unified-9.2.2.tgz#67649a1abfc3ab85d2969502902775eb03146975"
  integrity sha512-Sg7j110mtefBD+qunSLO1lqOEKdrwBFBrR6Qd8f4uwkhWNlbkaqwHse6e7QvD3AP/MNoJdEDLaf8OxYyoWgorQ==
  dependencies:
    bail "^1.0.0"
    extend "^3.0.0"
    is-buffer "^2.0.0"
    is-plain-obj "^2.0.0"
    trough "^1.0.0"
    vfile "^4.0.0"

unist-util-is@^4.0.0:
  version "4.1.0"
  resolved "https://registry.yarnpkg.com/unist-util-is/-/unist-util-is-4.1.0.tgz#976e5f462a7a5de73d94b706bac1b90671b57797"
  integrity sha512-ZOQSsnce92GrxSqlnEEseX0gi7GH9zTJZ0p9dtu87WRb/37mMPO2Ilx1s/t9vBHrFhbgweUwb+t7cIn5dxPhZg==

unist-util-stringify-position@^2.0.0:
  version "2.0.3"
  resolved "https://registry.yarnpkg.com/unist-util-stringify-position/-/unist-util-stringify-position-2.0.3.tgz#cce3bfa1cdf85ba7375d1d5b17bdc4cada9bd9da"
  integrity sha512-3faScn5I+hy9VleOq/qNbAd6pAx7iH5jYBMS9I1HgQVijz/4mv5Bvw5iw1sC/90CODiKo81G/ps8AJrISn687g==
  dependencies:
    "@types/unist" "^2.0.2"

unist-util-visit-parents@1.1.2:
  version "1.1.2"
  resolved "https://registry.yarnpkg.com/unist-util-visit-parents/-/unist-util-visit-parents-1.1.2.tgz#f6e3afee8bdbf961c0e6f028ea3c0480028c3d06"
  integrity sha512-yvo+MMLjEwdc3RhhPYSximset7rwjMrdt9E41Smmvg25UQIenzrN83cRnF1JMzoMi9zZOQeYXHSDf7p+IQkW3Q==

unist-util-visit-parents@^3.0.0:
  version "3.1.1"
  resolved "https://registry.yarnpkg.com/unist-util-visit-parents/-/unist-util-visit-parents-3.1.1.tgz#65a6ce698f78a6b0f56aa0e88f13801886cdaef6"
  integrity sha512-1KROIZWo6bcMrZEwiH2UrXDyalAa0uqzWCxCJj6lPOvTve2WkfgCytoDTPaMnodXh1WrXOq0haVYHj99ynJlsg==
  dependencies:
    "@types/unist" "^2.0.0"
    unist-util-is "^4.0.0"

unist-util-visit@^2.0.0:
  version "2.0.3"
  resolved "https://registry.yarnpkg.com/unist-util-visit/-/unist-util-visit-2.0.3.tgz#c3703893146df47203bb8a9795af47d7b971208c"
  integrity sha512-iJ4/RczbJMkD0712mGktuGpm/U4By4FfDonL7N/9tATGIF4imikjOuagyMY53tnZq3NP6BcmlrHhEKAfGWjh7Q==
  dependencies:
    "@types/unist" "^2.0.0"
    unist-util-is "^4.0.0"
    unist-util-visit-parents "^3.0.0"

vfile-message@^2.0.0:
  version "2.0.4"
  resolved "https://registry.yarnpkg.com/vfile-message/-/vfile-message-2.0.4.tgz#5b43b88171d409eae58477d13f23dd41d52c371a"
  integrity sha512-DjssxRGkMvifUOJre00juHoP9DPWuzjxKuMDrhNbk2TdaYYBNMStsNhEOt3idrtI12VQYM/1+iM0KOzXi4pxwQ==
  dependencies:
    "@types/unist" "^2.0.0"
    unist-util-stringify-position "^2.0.0"

vfile@^4.0.0:
  version "4.2.1"
  resolved "https://registry.yarnpkg.com/vfile/-/vfile-4.2.1.tgz#03f1dce28fc625c625bc6514350fbdb00fa9e624"
  integrity sha512-O6AE4OskCG5S1emQ/4gl8zK586RqA3srz3nfK/Viy0UPToBc5Trp9BVFb1u0CjsKrAWwnpr4ifM/KBXPWwJbCA==
  dependencies:
    "@types/unist" "^2.0.0"
    is-buffer "^2.0.0"
    unist-util-stringify-position "^2.0.0"
    vfile-message "^2.0.0"

xtend@^4.0.0, xtend@^4.0.1:
  version "4.0.2"
  resolved "https://registry.yarnpkg.com/xtend/-/xtend-4.0.2.tgz#bb72779f5fa465186b1f438f674fa347fdb5db54"
  integrity sha512-LKYU1iAXJXUgAXn9URjiu+MWhyUXHsvfp7mcuYm9dSUKK0/CjtrUwFAxD82/mCWbtLsGjFIad0wIsod4zrTAEQ==

xueyan-react-doc@^1.1.2:
  version "1.1.2"
  resolved "https://registry.yarnpkg.com/xueyan-react-doc/-/xueyan-react-doc-1.1.2.tgz#ac21247e95255658cbddf2ef603d293fc52011cf"
  integrity sha512-QFdmNrPYtTaL+yfy04aqO2jlyHHA9elklwC7d53aEPuslJKjXNxm6KgpqpWRkYn5HJFiWo0bppFMdjnjcZZHpQ==
  dependencies:
    "@babel/runtime" "^7.12.0"
    xueyan-react-store "^2.0.3"

xueyan-react-markdown@^2.0.1:
  version "2.0.1"
  resolved "https://registry.yarnpkg.com/xueyan-react-markdown/-/xueyan-react-markdown-2.0.1.tgz#f9cc2ddce55e5a42406991c67bcab33328538c22"
  integrity sha512-xs4P04TOSlhqjOuOFIYfWagmyv9iBo6YJju/YHvfRLvp63HAFThZRcncZeIT1r16fbVisOomEAHFfz2imlbvtQ==
  dependencies:
    "@babel/runtime" "^7.12.0"
    react-markdown "^5.0.3"
    react-syntax-highlighter "^15.4.3"
    remark-gfm "^1.0.0"
    xueyan-react-store "^2.0.3"

xueyan-react-store@^2.0.3:
  version "2.0.5"
  resolved "https://registry.yarnpkg.com/xueyan-react-store/-/xueyan-react-store-2.0.5.tgz#3050921e6565d2c48370bb9ab9a12193dd86248f"
  integrity sha512-jobAtBcirpa88oG23JfJHz/2l2jFqlJW/a58WAhPHzIdFWPG3FcF1+AR0sGpvxUzTNpYpJY9NDqcOcnwBqYNfg==
  dependencies:
    "@babel/runtime" "^7.12.5"
    eventemitter3 "^4.0.7"

xueyan-react-store@^2.0.5:
  version "2.0.6"
  resolved "https://registry.yarnpkg.com/xueyan-react-store/-/xueyan-react-store-2.0.6.tgz#f871db29970d40d5a411975a8a38c042d99f423e"
  integrity sha512-BrWIM1eYHeCxEWrA6T+jrx4sBX2lJtQw3ICXKLtS98T7U4Rcl3j0TV2uS1f4sDJCfsbeITmpA+pJu1wa8Eis+A==
  dependencies:
    "@babel/runtime" "^7.12.5"
    eventemitter3 "^4.0.7"

xueyan-react@^1.4.0:
  version "1.4.0"
  resolved "https://registry.yarnpkg.com/xueyan-react/-/xueyan-react-1.4.0.tgz#a6ce152cae6e0b5570f751b71896d055d9a91a32"
  integrity sha512-2YdzD9BHFCjtEiYSUsJBC/B40OL6oVdsdveWH05368lZgcw6c37QNHsnNWfXm4wfQePMJOHmBp9e4lN1lPIUgQ==
  dependencies:
    "@babel/runtime" "^7.12.5"
    intersection-observer "^0.12.0"
    xueyan-react-store "^2.0.5"

zwitch@^1.0.0:
  version "1.0.5"
  resolved "https://registry.yarnpkg.com/zwitch/-/zwitch-1.0.5.tgz#d11d7381ffed16b742f6af7b3f223d5cd9fe9920"
  integrity sha512-V50KMwwzqJV0NpZIZFwfOD5/lyny3WlSzRiXgA0G7VUnRlqttta1L6UQIHzd6EuBY/cHGfwTIck7w1yH6Q5zUw==
